
Microsoft Visual Studio Solution File, Format Version 12.00
# Visual Studio Version 17
VisualStudioVersion = 17.6.33829.357
MinimumVisualStudioVersion = 10.0.40219.1
Project("{FAE04EC0-301F-11D3-BF4B-00C04F79EFBC}") = "FarSellWeb", "FarSellWeb\FarSellWeb.csproj", "{4D7A494C-D698-455B-90E4-774F3F8E540B}"
EndProject
Global
	GlobalSection(SolutionConfigurationPlatforms) = preSolution
		Debug|Any CPU = Debug|Any CPU
		Release|Any CPU = Release|Any CPU
	EndGlobalSection
	GlobalSection(ProjectConfigurationPlatforms) = postSolution
		{4D7A494C-D698-455B-90E4-774F3F8E540B}.Debug|Any CPU.ActiveCfg = Debug|Any CPU
		{4D7A494C-D698-455B-90E4-774F3F8E540B}.Debug|Any CPU.Build.0 = Debug|Any CPU
		{4D7A494C-D698-455B-90E4-774F3F8E540B}.Release|Any CPU.ActiveCfg = Release|Any CPU
		{4D7A494C-D698-455B-90E4-774F3F8E540B}.Release|Any CPU.Build.0 = Release|Any CPU
	EndGlobalSection
	GlobalSection(SolutionProperties) = preSolution
		HideSolutionNode = FALSE
	EndGlobalSection
	GlobalSection(ExtensibilityGlobals) = postSolution
		SolutionGuid = {118BB102-0D6C-48C8-9F29-31F9025566F1}
	EndGlobalSection
EndGlobal
